
Microsoft Visual Studio Solution File, Format Version 12.00
# Visual Studio 15
VisualStudioVersion = 15.0.27703.2042
MinimumVisualStudioVersion = 10.0.40219.1
Project("{2150E333-8FDC-42A3-9474-1A3956D46DE8}") = "Builder", "Builder", "{EB045D7A-C729-4040-B91C-80DF7E2BEFCD}"
EndProject
Project("{FAE04EC0-301F-11D3-BF4B-00C04F79EFBC}") = "Kodefoxx.CommonDesignPatterns.Builder", "Kodefoxx.CommonDesignPatterns.Builder\Kodefoxx.CommonDesignPatterns.Builder.csproj", "{33E89C47-816E-4F40-AAB9-CF6CAF9CC407}"
EndProject
Global
	GlobalSection(SolutionConfigurationPlatforms) = preSolution
		Debug|Any CPU = Debug|Any CPU
		Release|Any CPU = Release|Any CPU
	EndGlobalSection
	GlobalSection(ProjectConfigurationPlatforms) = postSolution
		{33E89C47-816E-4F40-AAB9-CF6CAF9CC407}.Debug|Any CPU.ActiveCfg = Debug|Any CPU
		{33E89C47-816E-4F40-AAB9-CF6CAF9CC407}.Debug|Any CPU.Build.0 = Debug|Any CPU
		{33E89C47-816E-4F40-AAB9-CF6CAF9CC407}.Release|Any CPU.ActiveCfg = Release|Any CPU
		{33E89C47-816E-4F40-AAB9-CF6CAF9CC407}.Release|Any CPU.Build.0 = Release|Any CPU
	EndGlobalSection
	GlobalSection(SolutionProperties) = preSolution
		HideSolutionNode = FALSE
	EndGlobalSection
	GlobalSection(NestedProjects) = preSolution
		{33E89C47-816E-4F40-AAB9-CF6CAF9CC407} = {EB045D7A-C729-4040-B91C-80DF7E2BEFCD}
	EndGlobalSection
	GlobalSection(ExtensibilityGlobals) = postSolution
		SolutionGuid = {2F3C013D-C585-4772-8996-5BD0BF686CFE}
	EndGlobalSection
EndGlobal
